// !$*UTF8*$!
{
	archiveVersion = 1;
	classes = {
	};
	objectVersion = 46;
	objects = {

/* Begin PBXBuildFile section */
		33040E7F1E718FBA00E8C1DA /* RestaurantListCollectionViewController.swift in Sources */ = {isa = PBXBuildFile; fileRef = 33040E7E1E718FBA00E8C1DA /* RestaurantListCollectionViewController.swift */; };
		33040E811E71998E00E8C1DA /* RestaurantCollectionViewCell.swift in Sources */ = {isa = PBXBuildFile; fileRef = 33040E801E71995400E8C1DA /* RestaurantCollectionViewCell.swift */; };
		33040EB21E72A4A400E8C1DA /* Constants.swift in Sources */ = {isa = PBXBuildFile; fileRef = 33040EB11E72A4A400E8C1DA /* Constants.swift */; };
		33040EB71E72E6AA00E8C1DA /* RestaurantDetailsViewController.swift in Sources */ = {isa = PBXBuildFile; fileRef = 33040EB61E72E6AA00E8C1DA /* RestaurantDetailsViewController.swift */; };
		33040EBF1E730B3F00E8C1DA /* RestoTests.swift in Sources */ = {isa = PBXBuildFile; fileRef = 33040EBE1E730B3F00E8C1DA /* RestoTests.swift */; };
		33040ECD1E7310D800E8C1DA /* RestoUITests.swift in Sources */ = {isa = PBXBuildFile; fileRef = 33040ECC1E7310D800E8C1DA /* RestoUITests.swift */; };
		335EB7751E70524C00DC6626 /* MapKit.framework in Frameworks */ = {isa = PBXBuildFile; fileRef = 335EB7741E70524C00DC6626 /* MapKit.framework */; };
		335EB77A1E70650B00DC6626 /* Upload.storyboard in Resources */ = {isa = PBXBuildFile; fileRef = 335EB7791E70650A00DC6626 /* Upload.storyboard */; };
		335EB78C1E7069B700DC6626 /* ViewController.swift in Sources */ = {isa = PBXBuildFile; fileRef = 335EB78A1E7069B700DC6626 /* ViewController.swift */; };
		335EB78E1E7069D000DC6626 /* View.xib in Resources */ = {isa = PBXBuildFile; fileRef = 335EB78D1E7069D000DC6626 /* View.xib */; };
		335EB7961E706A2C00DC6626 /* Dessert.swift in Sources */ = {isa = PBXBuildFile; fileRef = 335EB7901E706A2C00DC6626 /* Dessert.swift */; };
		335EB7971E706A2C00DC6626 /* Plat.swift in Sources */ = {isa = PBXBuildFile; fileRef = 335EB7911E706A2C00DC6626 /* Plat.swift */; };
		335EB7981E706A2C00DC6626 /* Menuable.swift in Sources */ = {isa = PBXBuildFile; fileRef = 335EB7931E706A2C00DC6626 /* Menuable.swift */; };
		335EB7991E706A2C00DC6626 /* Restaurant.swift in Sources */ = {isa = PBXBuildFile; fileRef = 335EB7941E706A2C00DC6626 /* Restaurant.swift */; };
		335EB79A1E706A2C00DC6626 /* RestaurantDirectory.swift in Sources */ = {isa = PBXBuildFile; fileRef = 335EB7951E706A2C00DC6626 /* RestaurantDirectory.swift */; };
		3395A7071E716D9500F84811 /* UIViewExtensions.swift in Sources */ = {isa = PBXBuildFile; fileRef = 3395A7061E716D9500F84811 /* UIViewExtensions.swift */; };
		33A7803D1E6EEB870063B96E /* AppDelegate.swift in Sources */ = {isa = PBXBuildFile; fileRef = 33A7803C1E6EEB870063B96E /* AppDelegate.swift */; };
		33A780421E6EEB870063B96E /* Main.storyboard in Resources */ = {isa = PBXBuildFile; fileRef = 33A780401E6EEB870063B96E /* Main.storyboard */; };
		33A780441E6EEB870063B96E /* Assets.xcassets in Resources */ = {isa = PBXBuildFile; fileRef = 33A780431E6EEB870063B96E /* Assets.xcassets */; };
		33A780471E6EEB870063B96E /* LaunchScreen.storyboard in Resources */ = {isa = PBXBuildFile; fileRef = 33A780451E6EEB870063B96E /* LaunchScreen.storyboard */; };
/* End PBXBuildFile section */

/* Begin PBXContainerItemProxy section */
		33040EC11E730B3F00E8C1DA /* PBXContainerItemProxy */ = {
			isa = PBXContainerItemProxy;
			containerPortal = 33A780311E6EEB870063B96E /* Project object */;
			proxyType = 1;
			remoteGlobalIDString = 33A780381E6EEB870063B96E;
			remoteInfo = Resto;
		};
		33040ECF1E7310D800E8C1DA /* PBXContainerItemProxy */ = {
			isa = PBXContainerItemProxy;
			containerPortal = 33A780311E6EEB870063B96E /* Project object */;
			proxyType = 1;
			remoteGlobalIDString = 33A780381E6EEB870063B96E;
			remoteInfo = Resto;
		};
/* End PBXContainerItemProxy section */

/* Begin PBXFileReference section */
		33040E7E1E718FBA00E8C1DA /* RestaurantListCollectionViewController.swift */ = {isa = PBXFileReference; fileEncoding = 4; lastKnownFileType = sourcecode.swift; path = RestaurantListCollectionViewController.swift; sourceTree = "<group>"; };
		33040E801E71995400E8C1DA /* RestaurantCollectionViewCell.swift */ = {isa = PBXFileReference; lastKnownFileType = sourcecode.swift; path = RestaurantCollectionViewCell.swift; sourceTree = "<group>"; };
		33040EB11E72A4A400E8C1DA /* Constants.swift */ = {isa = PBXFileReference; fileEncoding = 4; lastKnownFileType = sourcecode.swift; path = Constants.swift; sourceTree = "<group>"; };
		33040EB61E72E6AA00E8C1DA /* RestaurantDetailsViewController.swift */ = {isa = PBXFileReference; fileEncoding = 4; lastKnownFileType = sourcecode.swift; path = RestaurantDetailsViewController.swift; sourceTree = "<group>"; };
		33040EBC1E730B3F00E8C1DA /* RestoTests.xctest */ = {isa = PBXFileReference; explicitFileType = wrapper.cfbundle; includeInIndex = 0; path = RestoTests.xctest; sourceTree = BUILT_PRODUCTS_DIR; };
		33040EBE1E730B3F00E8C1DA /* RestoTests.swift */ = {isa = PBXFileReference; lastKnownFileType = sourcecode.swift; path = RestoTests.swift; sourceTree = "<group>"; };
		33040EC01E730B3F00E8C1DA /* Info.plist */ = {isa = PBXFileReference; lastKnownFileType = text.plist.xml; path = Info.plist; sourceTree = "<group>"; };
		33040ECA1E7310D800E8C1DA /* RestoUITests.xctest */ = {isa = PBXFileReference; explicitFileType = wrapper.cfbundle; includeInIndex = 0; path = RestoUITests.xctest; sourceTree = BUILT_PRODUCTS_DIR; };
		33040ECC1E7310D800E8C1DA /* RestoUITests.swift */ = {isa = PBXFileReference; lastKnownFileType = sourcecode.swift; path = RestoUITests.swift; sourceTree = "<group>"; };
		33040ECE1E7310D800E8C1DA /* Info.plist */ = {isa = PBXFileReference; lastKnownFileType = text.plist.xml; path = Info.plist; sourceTree = "<group>"; };
		335EB7741E70524C00DC6626 /* MapKit.framework */ = {isa = PBXFileReference; lastKnownFileType = wrapper.framework; name = MapKit.framework; path = System/Library/Frameworks/MapKit.framework; sourceTree = SDKROOT; };
		335EB7791E70650A00DC6626 /* Upload.storyboard */ = {isa = PBXFileReference; fileEncoding = 4; lastKnownFileType = file.storyboard; path = Upload.storyboard; sourceTree = "<group>"; };
		335EB78A1E7069B700DC6626 /* ViewController.swift */ = {isa = PBXFileReference; fileEncoding = 4; lastKnownFileType = sourcecode.swift; path = ViewController.swift; sourceTree = "<group>"; };
		335EB78D1E7069D000DC6626 /* View.xib */ = {isa = PBXFileReference; fileEncoding = 4; lastKnownFileType = file.xib; path = View.xib; sourceTree = "<group>"; };
		335EB7901E706A2C00DC6626 /* Dessert.swift */ = {isa = PBXFileReference; fileEncoding = 4; lastKnownFileType = sourcecode.swift; path = Dessert.swift; sourceTree = "<group>"; };
		335EB7911E706A2C00DC6626 /* Plat.swift */ = {isa = PBXFileReference; fileEncoding = 4; lastKnownFileType = sourcecode.swift; path = Plat.swift; sourceTree = "<group>"; };
		335EB7931E706A2C00DC6626 /* Menuable.swift */ = {isa = PBXFileReference; fileEncoding = 4; lastKnownFileType = sourcecode.swift; path = Menuable.swift; sourceTree = "<group>"; };
		335EB7941E706A2C00DC6626 /* Restaurant.swift */ = {isa = PBXFileReference; fileEncoding = 4; lastKnownFileType = sourcecode.swift; path = Restaurant.swift; sourceTree = "<group>"; };
		335EB7951E706A2C00DC6626 /* RestaurantDirectory.swift */ = {isa = PBXFileReference; fileEncoding = 4; lastKnownFileType = sourcecode.swift; path = RestaurantDirectory.swift; sourceTree = "<group>"; };
		3395A7061E716D9500F84811 /* UIViewExtensions.swift */ = {isa = PBXFileReference; fileEncoding = 4; lastKnownFileType = sourcecode.swift; path = UIViewExtensions.swift; sourceTree = "<group>"; };
		33A780391E6EEB870063B96E /* Resto.app */ = {isa = PBXFileReference; explicitFileType = wrapper.application; includeInIndex = 0; path = Resto.app; sourceTree = BUILT_PRODUCTS_DIR; };
		33A7803C1E6EEB870063B96E /* AppDelegate.swift */ = {isa = PBXFileReference; lastKnownFileType = sourcecode.swift; path = AppDelegate.swift; sourceTree = "<group>"; };
		33A780411E6EEB870063B96E /* Base */ = {isa = PBXFileReference; lastKnownFileType = file.storyboard; name = Base; path = Base.lproj/Main.storyboard; sourceTree = "<group>"; };
		33A780431E6EEB870063B96E /* Assets.xcassets */ = {isa = PBXFileReference; lastKnownFileType = folder.assetcatalog; path = Assets.xcassets; sourceTree = "<group>"; };
		33A780461E6EEB870063B96E /* Base */ = {isa = PBXFileReference; lastKnownFileType = file.storyboard; name = Base; path = Base.lproj/LaunchScreen.storyboard; sourceTree = "<group>"; };
		33A780481E6EEB870063B96E /* Info.plist */ = {isa = PBXFileReference; lastKnownFileType = text.plist.xml; path = Info.plist; sourceTree = "<group>"; };
/* End PBXFileReference section */

/* Begin PBXFrameworksBuildPhase section */
		33040EB91E730B3F00E8C1DA /* Frameworks */ = {
			isa = PBXFrameworksBuildPhase;
			buildActionMask = 2147483647;
			files = (
			);
			runOnlyForDeploymentPostprocessing = 0;
		};
		33040EC71E7310D800E8C1DA /* Frameworks */ = {
			isa = PBXFrameworksBuildPhase;
			buildActionMask = 2147483647;
			files = (
			);
			runOnlyForDeploymentPostprocessing = 0;
		};
		33A780361E6EEB870063B96E /* Frameworks */ = {
			isa = PBXFrameworksBuildPhase;
			buildActionMask = 2147483647;
			files = (
				335EB7751E70524C00DC6626 /* MapKit.framework in Frameworks */,
			);
			runOnlyForDeploymentPostprocessing = 0;
		};
/* End PBXFrameworksBuildPhase section */

/* Begin PBXGroup section */
		33040E7D1E718F7B00E8C1DA /* List */ = {
			isa = PBXGroup;
			children = (
				33040E7E1E718FBA00E8C1DA /* RestaurantListCollectionViewController.swift */,
				33040E801E71995400E8C1DA /* RestaurantCollectionViewCell.swift */,
			);
			path = List;
			sourceTree = "<group>";
		};
		33040EB31E72E67400E8C1DA /* Details */ = {
			isa = PBXGroup;
			children = (
				33040EB61E72E6AA00E8C1DA /* RestaurantDetailsViewController.swift */,
			);
			path = Details;
			sourceTree = "<group>";
		};
		33040EBD1E730B3F00E8C1DA /* RestoTests */ = {
			isa = PBXGroup;
			children = (
				33040EBE1E730B3F00E8C1DA /* RestoTests.swift */,
				33040EC01E730B3F00E8C1DA /* Info.plist */,
			);
			path = RestoTests;
			sourceTree = "<group>";
		};
		33040ECB1E7310D800E8C1DA /* RestoUITests */ = {
			isa = PBXGroup;
			children = (
				33040ECC1E7310D800E8C1DA /* RestoUITests.swift */,
				33040ECE1E7310D800E8C1DA /* Info.plist */,
			);
			path = RestoUITests;
			sourceTree = "<group>";
		};
		335EB7731E70524C00DC6626 /* Frameworks */ = {
			isa = PBXGroup;
			children = (
				335EB7741E70524C00DC6626 /* MapKit.framework */,
			);
			name = Frameworks;
			sourceTree = "<group>";
		};
		335EB7871E70690D00DC6626 /* Shared views */ = {
			isa = PBXGroup;
			children = (
			);
			name = "Shared views";
			sourceTree = "<group>";
		};
		335EB7881E7069B700DC6626 /* Controllers */ = {
			isa = PBXGroup;
			children = (
				33040EB31E72E67400E8C1DA /* Details */,
				33040E7D1E718F7B00E8C1DA /* List */,
				335EB7891E7069B700DC6626 /* Form */,
			);
			path = Controllers;
			sourceTree = "<group>";
		};
		335EB7891E7069B700DC6626 /* Form */ = {
			isa = PBXGroup;
			children = (
				335EB78A1E7069B700DC6626 /* ViewController.swift */,
				335EB78B1E7069B700DC6626 /* Views */,
			);
			path = Form;
			sourceTree = "<group>";
		};
		335EB78B1E7069B700DC6626 /* Views */ = {
			isa = PBXGroup;
			children = (
				335EB78D1E7069D000DC6626 /* View.xib */,
			);
			path = Views;
			sourceTree = "<group>";
		};
		335EB78F1E706A2C00DC6626 /* Models */ = {
			isa = PBXGroup;
			children = (
				335EB7901E706A2C00DC6626 /* Dessert.swift */,
				335EB7911E706A2C00DC6626 /* Plat.swift */,
				335EB7941E706A2C00DC6626 /* Restaurant.swift */,
				335EB7951E706A2C00DC6626 /* RestaurantDirectory.swift */,
				335EB7921E706A2C00DC6626 /* Protocols */,
			);
			path = Models;
			sourceTree = "<group>";
		};
		335EB7921E706A2C00DC6626 /* Protocols */ = {
			isa = PBXGroup;
			children = (
				335EB7931E706A2C00DC6626 /* Menuable.swift */,
			);
			path = Protocols;
			sourceTree = "<group>";
		};
		3395A7051E716D5800F84811 /* Extensions */ = {
			isa = PBXGroup;
			children = (
				3395A7061E716D9500F84811 /* UIViewExtensions.swift */,
			);
			path = Extensions;
			sourceTree = "<group>";
		};
		33A780301E6EEB870063B96E = {
			isa = PBXGroup;
			children = (
				33A7803B1E6EEB870063B96E /* Resto */,
				33040EBD1E730B3F00E8C1DA /* RestoTests */,
				33040ECB1E7310D800E8C1DA /* RestoUITests */,
				33A7803A1E6EEB870063B96E /* Products */,
				335EB7731E70524C00DC6626 /* Frameworks */,
			);
			sourceTree = "<group>";
		};
		33A7803A1E6EEB870063B96E /* Products */ = {
			isa = PBXGroup;
			children = (
				33A780391E6EEB870063B96E /* Resto.app */,
				33040EBC1E730B3F00E8C1DA /* RestoTests.xctest */,
				33040ECA1E7310D800E8C1DA /* RestoUITests.xctest */,
			);
			name = Products;
			sourceTree = "<group>";
		};
		33A7803B1E6EEB870063B96E /* Resto */ = {
			isa = PBXGroup;
			children = (
				33A7803C1E6EEB870063B96E /* AppDelegate.swift */,
				33040EB11E72A4A400E8C1DA /* Constants.swift */,
				3395A7051E716D5800F84811 /* Extensions */,
				335EB78F1E706A2C00DC6626 /* Models */,
				335EB7881E7069B700DC6626 /* Controllers */,
				335EB7871E70690D00DC6626 /* Shared views */,
				33A780401E6EEB870063B96E /* Main.storyboard */,
				335EB7791E70650A00DC6626 /* Upload.storyboard */,
				33A780431E6EEB870063B96E /* Assets.xcassets */,
				33A780451E6EEB870063B96E /* LaunchScreen.storyboard */,
				33A780481E6EEB870063B96E /* Info.plist */,
			);
			path = Resto;
			sourceTree = "<group>";
		};
/* End PBXGroup section */

/* Begin PBXNativeTarget section */
		33040EBB1E730B3F00E8C1DA /* RestoTests */ = {
			isa = PBXNativeTarget;
			buildConfigurationList = 33040EC31E730B3F00E8C1DA /* Build configuration list for PBXNativeTarget "RestoTests" */;
			buildPhases = (
				33040EB81E730B3F00E8C1DA /* Sources */,
				33040EB91E730B3F00E8C1DA /* Frameworks */,
				33040EBA1E730B3F00E8C1DA /* Resources */,
			);
			buildRules = (
			);
			dependencies = (
				33040EC21E730B3F00E8C1DA /* PBXTargetDependency */,
			);
			name = RestoTests;
			productName = RestoTests;
			productReference = 33040EBC1E730B3F00E8C1DA /* RestoTests.xctest */;
			productType = "com.apple.product-type.bundle.unit-test";
		};
		33040EC91E7310D800E8C1DA /* RestoUITests */ = {
			isa = PBXNativeTarget;
			buildConfigurationList = 33040ED11E7310D800E8C1DA /* Build configuration list for PBXNativeTarget "RestoUITests" */;
			buildPhases = (
				33040EC61E7310D800E8C1DA /* Sources */,
				33040EC71E7310D800E8C1DA /* Frameworks */,
				33040EC81E7310D800E8C1DA /* Resources */,
			);
			buildRules = (
			);
			dependencies = (
				33040ED01E7310D800E8C1DA /* PBXTargetDependency */,
			);
			name = RestoUITests;
			productName = RestoUITests;
			productReference = 33040ECA1E7310D800E8C1DA /* RestoUITests.xctest */;
			productType = "com.apple.product-type.bundle.ui-testing";
		};
		33A780381E6EEB870063B96E /* Resto */ = {
			isa = PBXNativeTarget;
			buildConfigurationList = 33A7804B1E6EEB870063B96E /* Build configuration list for PBXNativeTarget "Resto" */;
			buildPhases = (
				33A780351E6EEB870063B96E /* Sources */,
				33A780361E6EEB870063B96E /* Frameworks */,
				33A780371E6EEB870063B96E /* Resources */,
				33EAE8091E6EFB45004CA5DE /* ShellScript */,
			);
			buildRules = (
			);
			dependencies = (
			);
			name = Resto;
			productName = Resto;
			productReference = 33A780391E6EEB870063B96E /* Resto.app */;
			productType = "com.apple.product-type.application";
		};
/* End PBXNativeTarget section */

/* Begin PBXProject section */
		33A780311E6EEB870063B96E /* Project object */ = {
			isa = PBXProject;
			attributes = {
				LastSwiftUpdateCheck = 0820;
				LastUpgradeCheck = 0820;
				ORGANIZATIONNAME = "Ludovic Ollagnier";
				TargetAttributes = {
					33040EBB1E730B3F00E8C1DA = {
						CreatedOnToolsVersion = 8.2.1;
						DevelopmentTeam = A7SGM6JEMA;
						ProvisioningStyle = Automatic;
						TestTargetID = 33A780381E6EEB870063B96E;
					};
					33040EC91E7310D800E8C1DA = {
						CreatedOnToolsVersion = 8.2.1;
						DevelopmentTeam = A7SGM6JEMA;
						ProvisioningStyle = Automatic;
						TestTargetID = 33A780381E6EEB870063B96E;
					};
					33A780381E6EEB870063B96E = {
						CreatedOnToolsVersion = 8.2.1;
						DevelopmentTeam = A7SGM6JEMA;
						ProvisioningStyle = Automatic;
						SystemCapabilities = {
							com.apple.ApplePay = {
								enabled = 0;
							};
							com.apple.BackgroundModes = {
								enabled = 0;
							};
						};
					};
				};
			};
			buildConfigurationList = 33A780341E6EEB870063B96E /* Build configuration list for PBXProject "Resto" */;
			compatibilityVersion = "Xcode 3.2";
			developmentRegion = English;
			hasScannedForEncodings = 0;
			knownRegions = (
				en,
				Base,
			);
			mainGroup = 33A780301E6EEB870063B96E;
			productRefGroup = 33A7803A1E6EEB870063B96E /* Products */;
			projectDirPath = "";
			projectRoot = "";
			targets = (
				33A780381E6EEB870063B96E /* Resto */,
				33040EBB1E730B3F00E8C1DA /* RestoTests */,
				33040EC91E7310D800E8C1DA /* RestoUITests */,
			);
		};
/* End PBXProject section */

/* Begin PBXResourcesBuildPhase section */
		33040EBA1E730B3F00E8C1DA /* Resources */ = {
			isa = PBXResourcesBuildPhase;
			buildActionMask = 2147483647;
			files = (
			);
			runOnlyForDeploymentPostprocessing = 0;
		};
		33040EC81E7310D800E8C1DA /* Resources */ = {
			isa = PBXResourcesBuildPhase;
			buildActionMask = 2147483647;
			files = (
			);
			runOnlyForDeploymentPostprocessing = 0;
		};
		33A780371E6EEB870063B96E /* Resources */ = {
			isa = PBXResourcesBuildPhase;
			buildActionMask = 2147483647;
			files = (
				33A780471E6EEB870063B96E /* LaunchScreen.storyboard in Resources */,
				335EB78E1E7069D000DC6626 /* View.xib in Resources */,
				335EB77A1E70650B00DC6626 /* Upload.storyboard in Resources */,
				33A780441E6EEB870063B96E /* Assets.xcassets in Resources */,
				33A780421E6EEB870063B96E /* Main.storyboard in Resources */,
			);
			runOnlyForDeploymentPostprocessing = 0;
		};
/* End PBXResourcesBuildPhase section */

/* Begin PBXShellScriptBuildPhase section */
		33EAE8091E6EFB45004CA5DE /* ShellScript */ = {
			isa = PBXShellScriptBuildPhase;
			buildActionMask = 2147483647;
			files = (
			);
			inputPaths = (
			);
			outputPaths = (
			);
			runOnlyForDeploymentPostprocessing = 0;
			shellPath = /bin/sh;
			shellScript = "";
		};
/* End PBXShellScriptBuildPhase section */

/* Begin PBXSourcesBuildPhase section */
		33040EB81E730B3F00E8C1DA /* Sources */ = {
			isa = PBXSourcesBuildPhase;
			buildActionMask = 2147483647;
			files = (
				33040EBF1E730B3F00E8C1DA /* RestoTests.swift in Sources */,
			);
			runOnlyForDeploymentPostprocessing = 0;
		};
		33040EC61E7310D800E8C1DA /* Sources */ = {
			isa = PBXSourcesBuildPhase;
			buildActionMask = 2147483647;
			files = (
				33040ECD1E7310D800E8C1DA /* RestoUITests.swift in Sources */,
			);
			runOnlyForDeploymentPostprocessing = 0;
		};
		33A780351E6EEB870063B96E /* Sources */ = {
			isa = PBXSourcesBuildPhase;
			buildActionMask = 2147483647;
			files = (
				33A7803D1E6EEB870063B96E /* AppDelegate.swift in Sources */,
				33040EB21E72A4A400E8C1DA /* Constants.swift in Sources */,
				33040E811E71998E00E8C1DA /* RestaurantCollectionViewCell.swift in Sources */,
				335EB7961E706A2C00DC6626 /* Dessert.swift in Sources */,
				3395A7071E716D9500F84811 /* UIViewExtensions.swift in Sources */,
				335EB7991E706A2C00DC6626 /* Restaurant.swift in Sources */,
				33040EB71E72E6AA00E8C1DA /* RestaurantDetailsViewController.swift in Sources */,
				335EB79A1E706A2C00DC6626 /* RestaurantDirectory.swift in Sources */,
				335EB7971E706A2C00DC6626 /* Plat.swift in Sources */,
				335EB78C1E7069B700DC6626 /* ViewController.swift in Sources */,
				335EB7981E706A2C00DC6626 /* Menuable.swift in Sources */,
				33040E7F1E718FBA00E8C1DA /* RestaurantListCollectionViewController.swift in Sources */,
			);
			runOnlyForDeploymentPostprocessing = 0;
		};
/* End PBXSourcesBuildPhase section */

/* Begin PBXTargetDependency section */
		33040EC21E730B3F00E8C1DA /* PBXTargetDependency */ = {
			isa = PBXTargetDependency;
			target = 33A780381E6EEB870063B96E /* Resto */;
			targetProxy = 33040EC11E730B3F00E8C1DA /* PBXContainerItemProxy */;
		};
		33040ED01E7310D800E8C1DA /* PBXTargetDependency */ = {
			isa = PBXTargetDependency;
			target = 33A780381E6EEB870063B96E /* Resto */;
			targetProxy = 33040ECF1E7310D800E8C1DA /* PBXContainerItemProxy */;
		};
/* End PBXTargetDependency section */

/* Begin PBXVariantGroup section */
		33A780401E6EEB870063B96E /* Main.storyboard */ = {
			isa = PBXVariantGroup;
			children = (
				33A780411E6EEB870063B96E /* Base */,
			);
			name = Main.storyboard;
			sourceTree = "<group>";
		};
		33A780451E6EEB870063B96E /* LaunchScreen.storyboard */ = {
			isa = PBXVariantGroup;
			children = (
				33A780461E6EEB870063B96E /* Base */,
			);
			name = LaunchScreen.storyboard;
			sourceTree = "<group>";
		};
/* End PBXVariantGroup section */

/* Begin XCBuildConfiguration section */
		33040EC41E730B3F00E8C1DA /* Debug */ = {
			isa = XCBuildConfiguration;
			buildSettings = {
				BUNDLE_LOADER = "$(TEST_HOST)";
				DEVELOPMENT_TEAM = A7SGM6JEMA;
				INFOPLIST_FILE = RestoTests/Info.plist;
				LD_RUNPATH_SEARCH_PATHS = "$(inherited) @executable_path/Frameworks @loader_path/Frameworks";
				PRODUCT_BUNDLE_IDENTIFIER = com.tectec.RestoTests;
				PRODUCT_NAME = "$(TARGET_NAME)";
				SWIFT_VERSION = 3.0;
				TEST_HOST = "$(BUILT_PRODUCTS_DIR)/Resto.app/Resto";
			};
			name = Debug;
		};
		33040EC51E730B3F00E8C1DA /* Release */ = {
			isa = XCBuildConfiguration;
			buildSettings = {
				BUNDLE_LOADER = "$(TEST_HOST)";
				DEVELOPMENT_TEAM = A7SGM6JEMA;
				INFOPLIST_FILE = RestoTests/Info.plist;
				LD_RUNPATH_SEARCH_PATHS = "$(inherited) @executable_path/Frameworks @loader_path/Frameworks";
				PRODUCT_BUNDLE_IDENTIFIER = com.tectec.RestoTests;
				PRODUCT_NAME = "$(TARGET_NAME)";
				SWIFT_VERSION = 3.0;
				TEST_HOST = "$(BUILT_PRODUCTS_DIR)/Resto.app/Resto";
			};
			name = Release;
		};
		33040ED21E7310D800E8C1DA /* Debug */ = {
			isa = XCBuildConfiguration;
			buildSettings = {
				DEVELOPMENT_TEAM = A7SGM6JEMA;
				INFOPLIST_FILE = RestoUITests/Info.plist;
				LD_RUNPATH_SEARCH_PATHS = "$(inherited) @executable_path/Frameworks @loader_path/Frameworks";
				PRODUCT_BUNDLE_IDENTIFIER = com.tectec.RestoUITests;
				PRODUCT_NAME = "$(TARGET_NAME)";
				SWIFT_VERSION = 3.0;
				TEST_TARGET_NAME = Resto;
			};
			name = Debug;
		};
		33040ED31E7310D800E8C1DA /* Release */ = {
			isa = XCBuildConfiguration;
			buildSettings = {
				DEVELOPMENT_TEAM = A7SGM6JEMA;
				INFOPLIST_FILE = RestoUITests/Info.plist;
				LD_RUNPATH_SEARCH_PATHS = "$(inherited) @executable_path/Frameworks @loader_path/Frameworks";
				PRODUCT_BUNDLE_IDENTIFIER = com.tectec.RestoUITests;
				PRODUCT_NAME = "$(TARGET_NAME)";
				SWIFT_VERSION = 3.0;
				TEST_TARGET_NAME = Resto;
			};
			name = Release;
		};
		33A780491E6EEB870063B96E /* Debug */ = {
			isa = XCBuildConfiguration;
			buildSettings = {
				ALWAYS_SEARCH_USER_PATHS = NO;
				CLANG_ANALYZER_NONNULL = YES;
				CLANG_CXX_LANGUAGE_STANDARD = "gnu++0x";
				CLANG_CXX_LIBRARY = "libc++";
				CLANG_ENABLE_MODULES = YES;
				CLANG_ENABLE_OBJC_ARC = YES;
				CLANG_WARN_BOOL_CONVERSION = YES;
				CLANG_WARN_CONSTANT_CONVERSION = YES;
				CLANG_WARN_DIRECT_OBJC_ISA_USAGE = YES_ERROR;
				CLANG_WARN_DOCUMENTATION_COMMENTS = YES;
				CLANG_WARN_EMPTY_BODY = YES;
				CLANG_WARN_ENUM_CONVERSION = YES;
				CLANG_WARN_INFINITE_RECURSION = YES;
				CLANG_WARN_INT_CONVERSION = YES;
				CLANG_WARN_OBJC_ROOT_CLASS = YES_ERROR;
				CLANG_WARN_SUSPICIOUS_MOVE = YES;
				CLANG_WARN_UNREACHABLE_CODE = YES;
				CLANG_WARN__DUPLICATE_METHOD_MATCH = YES;
				"CODE_SIGN_IDENTITY[sdk=iphoneos*]" = "iPhone Developer";
				COPY_PHASE_STRIP = NO;
				DEBUG_INFORMATION_FORMAT = dwarf;
				ENABLE_STRICT_OBJC_MSGSEND = YES;
				ENABLE_TESTABILITY = YES;
				GCC_C_LANGUAGE_STANDARD = gnu99;
				GCC_DYNAMIC_NO_PIC = NO;
				GCC_NO_COMMON_BLOCKS = YES;
				GCC_OPTIMIZATION_LEVEL = 0;
				GCC_PREPROCESSOR_DEFINITIONS = (
					"DEBUG=1",
					"$(inherited)",
				);
				GCC_WARN_64_TO_32_BIT_CONVERSION = YES;
				GCC_WARN_ABOUT_RETURN_TYPE = YES_ERROR;
				GCC_WARN_UNDECLARED_SELECTOR = YES;
				GCC_WARN_UNINITIALIZED_AUTOS = YES_AGGRESSIVE;
				GCC_WARN_UNUSED_FUNCTION = YES;
				GCC_WARN_UNUSED_VARIABLE = YES;
				IPHONEOS_DEPLOYMENT_TARGET = 10.2;
				MTL_ENABLE_DEBUG_INFO = YES;
				ONLY_ACTIVE_ARCH = YES;
				SDKROOT = iphoneos;
				SWIFT_ACTIVE_COMPILATION_CONDITIONS = DEBUG;
				SWIFT_OPTIMIZATION_LEVEL = "-Onone";
				TARGETED_DEVICE_FAMILY = "1,2";
			};
			name = Debug;
		};
		33A7804A1E6EEB870063B96E /* Release */ = {
			isa = XCBuildConfiguration;
			buildSettings = {
				ALWAYS_SEARCH_USER_PATHS = NO;
				CLANG_ANALYZER_NONNULL = YES;
				CLANG_CXX_LANGUAGE_STANDARD = "gnu++0x";
				CLANG_CXX_LIBRARY = "libc++";
				CLANG_ENABLE_MODULES = YES;
				CLANG_ENABLE_OBJC_ARC = YES;
				CLANG_WARN_BOOL_CONVERSION = YES;
				CLANG_WARN_CONSTANT_CONVERSION = YES;
				CLANG_WARN_DIRECT_OBJC_ISA_USAGE = YES_ERROR;
				CLANG_WARN_DOCUMENTATION_COMMENTS = YES;
				CLANG_WARN_EMPTY_BODY = YES;
				CLANG_WARN_ENUM_CONVERSION = YES;
				CLANG_WARN_INFINITE_RECURSION = YES;
				CLANG_WARN_INT_CONVERSION = YES;
				CLANG_WARN_OBJC_ROOT_CLASS = YES_ERROR;
				CLANG_WARN_SUSPICIOUS_MOVE = YES;
				CLANG_WARN_UNREACHABLE_CODE = YES;
				CLANG_WARN__DUPLICATE_METHOD_MATCH = YES;
				"CODE_SIGN_IDENTITY[sdk=iphoneos*]" = "iPhone Developer";
				COPY_PHASE_STRIP = NO;
				DEBUG_INFORMATION_FORMAT = "dwarf-with-dsym";
				ENABLE_NS_ASSERTIONS = NO;
				ENABLE_STRICT_OBJC_MSGSEND = YES;
				GCC_C_LANGUAGE_STANDARD = gnu99;
				GCC_NO_COMMON_BLOCKS = YES;
				GCC_WARN_64_TO_32_BIT_CONVERSION = YES;
				GCC_WARN_ABOUT_RETURN_TYPE = YES_ERROR;
				GCC_WARN_UNDECLARED_SELECTOR = YES;
				GCC_WARN_UNINITIALIZED_AUTOS = YES_AGGRESSIVE;
				GCC_WARN_UNUSED_FUNCTION = YES;
				GCC_WARN_UNUSED_VARIABLE = YES;
				IPHONEOS_DEPLOYMENT_TARGET = 10.2;
				MTL_ENABLE_DEBUG_INFO = NO;
				SDKROOT = iphoneos;
				SWIFT_OPTIMIZATION_LEVEL = "-Owholemodule";
				TARGETED_DEVICE_FAMILY = "1,2";
				VALIDATE_PRODUCT = YES;
			};
			name = Release;
		};
		33A7804C1E6EEB870063B96E /* Debug */ = {
			isa = XCBuildConfiguration;
			buildSettings = {
				ASSETCATALOG_COMPILER_APPICON_NAME = AppIcon;
				"CODE_SIGN_IDENTITY[sdk=iphoneos*]" = "iPhone Developer";
				DEVELOPMENT_TEAM = A7SGM6JEMA;
				INFOPLIST_FILE = Resto/Info.plist;
				IPHONEOS_DEPLOYMENT_TARGET = 9.0;
				LD_RUNPATH_SEARCH_PATHS = "$(inherited) @executable_path/Frameworks";
				PRODUCT_BUNDLE_IDENTIFIER = com.tectec.Resto;
				PRODUCT_NAME = "$(TARGET_NAME)";
				SWIFT_VERSION = 3.0;
			};
			name = Debug;
		};
		33A7804D1E6EEB870063B96E /* Release */ = {
			isa = XCBuildConfiguration;
			buildSettings = {
				ASSETCATALOG_COMPILER_APPICON_NAME = AppIcon;
				"CODE_SIGN_IDENTITY[sdk=iphoneos*]" = "iPhone Developer";
				DEVELOPMENT_TEAM = A7SGM6JEMA;
				INFOPLIST_FILE = Resto/Info.plist;
				IPHONEOS_DEPLOYMENT_TARGET = 9.0;
				LD_RUNPATH_SEARCH_PATHS = "$(inherited) @executable_path/Frameworks";
				PRODUCT_BUNDLE_IDENTIFIER = com.tectec.Resto;
				PRODUCT_NAME = "$(TARGET_NAME)";
				SWIFT_VERSION = 3.0;
			};
			name = Release;
		};
/* End XCBuildConfiguration section */

/* Begin XCConfigurationList section */
		33040EC31E730B3F00E8C1DA /* Build configuration list for PBXNativeTarget "RestoTests" */ = {
			isa = XCConfigurationList;
			buildConfigurations = (
				33040EC41E730B3F00E8C1DA /* Debug */,
				33040EC51E730B3F00E8C1DA /* Release */,
			);
			defaultConfigurationIsVisible = 0;
		};
		33040ED11E7310D800E8C1DA /* Build configuration list for PBXNativeTarget "RestoUITests" */ = {
			isa = XCConfigurationList;
			buildConfigurations = (
				33040ED21E7310D800E8C1DA /* Debug */,
				33040ED31E7310D800E8C1DA /* Release */,
			);
			defaultConfigurationIsVisible = 0;
		};
		33A780341E6EEB870063B96E /* Build configuration list for PBXProject "Resto" */ = {
			isa = XCConfigurationList;
			buildConfigurations = (
				33A780491E6EEB870063B96E /* Debug */,
				33A7804A1E6EEB870063B96E /* Release */,
			);
			defaultConfigurationIsVisible = 0;
			defaultConfigurationName = Release;
		};
		33A7804B1E6EEB870063B96E /* Build configuration list for PBXNativeTarget "Resto" */ = {
			isa = XCConfigurationList;
			buildConfigurations = (
				33A7804C1E6EEB870063B96E /* Debug */,
				33A7804D1E6EEB870063B96E /* Release */,
			);
			defaultConfigurationIsVisible = 0;
			defaultConfigurationName = Release;
		};
/* End XCConfigurationList section */
	};
	rootObject = 33A780311E6EEB870063B96E /* Project object */;
}
